lockfileVersion: '9.0'

settings:
  autoInstallPeers: true
  excludeLinksFromLockfile: false

importers:

  .:
    dependencies:
      '@clerk/nextjs':
        specifier: ^6.14.1
        version: 6.14.1(next@15.2.5(@playwright/test@1.51.1)(react-dom@19.1.0(react@19.1.0))(react@19.1.0))(react-dom@19.1.0(react@19.1.0))(react@19.1.0)
      next:
        specifier: ^15.2.5
        version: 15.2.5(@playwright/test@1.51.1)(react-dom@19.1.0(react@19.1.0))(react@19.1.0)
    devDependencies:
      '@clerk/testing':
        specifier: ^1.4.36
        version: 1.4.36(@playwright/test@1.51.1)(react-dom@19.1.0(react@19.1.0))(react@19.1.0)
      '@playwright/test':
        specifier: ^1.51.1
        version: 1.51.1
      '@types/node':
        specifier: ^18.15.11
        version: 18.19.86
      '@types/react':
        specifier: ^18.0.28
        version: 18.3.20
      '@types/react-dom':
        specifier: ^18.0.11
        version: 18.3.6(@types/react@18.3.20)
      typescript:
        specifier: ^5.2.2
        version: 5.8.3

packages:

  '@clerk/backend@1.27.1':
    resolution: {integrity: sha512-id8u7+a3rHD/4kd+/LsXQ1+I2ZRAro4UAPMjVCbUBt84BdeOhmLYtth06Ix3zHNJa80sCKj5XY9JWCEblJ0NSQ==}
    engines: {node: '>=18.17.0'}
    peerDependencies:
      svix: ^1.62.0
    peerDependenciesMeta:
      svix:
        optional: true

  '@clerk/clerk-react@5.26.1':
    resolution: {integrity: sha512-PDGwO2ZwBqlwZI+i5Cdg1kuu7DbuxbUPXmWdbGXJB+93th4gO1KI73/PmA4wr/wuKnEeQtnVtjv/AKTMRxkf6A==}
    engines: {node: '>=18.17.0'}
    peerDependencies:
      react: ^18.0.0 || ^19.0.0 || ^19.0.0-0
      react-dom: ^18.0.0 || ^19.0.0 || ^19.0.0-0

  '@clerk/nextjs@6.14.1':
    resolution: {integrity: sha512-MXWe9FLm5yahyBKmr15Ot0MMHaZAq4gExI99XQEEtPhkZlaULt3yxzbdcEpF4Mo3Swc2vmbJtj8JkUo1xmW05A==}
    engines: {node: '>=18.17.0'}
    peerDependencies:
      next: ^13.5.7 || ^14.2.25 || ^15.2.3
      react: ^18.0.0 || ^19.0.0 || ^19.0.0-0
      react-dom: ^18.0.0 || ^19.0.0 || ^19.0.0-0

  '@clerk/shared@3.4.1':
    resolution: {integrity: sha512-QF0GqvD/rrMW4DDVbfwec4I90/25DjbJ8m8gJcYBXYbfmjV0A3wFYixMiJ815m/HOIl+953HYt0BrSmJIBVY1A==}
    engines: {node: '>=18.17.0'}
    peerDependencies:
      react: ^18.0.0 || ^19.0.0 || ^19.0.0-0
      react-dom: ^18.0.0 || ^19.0.0 || ^19.0.0-0
    peerDependenciesMeta:
      react:
        optional: true
      react-dom:
        optional: true

  '@clerk/testing@1.4.36':
    resolution: {integrity: sha512-uRn4QLCUWNFWdHvimSgb9XSw+hO9/tyZehFKCxSQAXCre7YBTyv9ouV/u6HldCsrrWjYZbvQk9HRyalcYoel8g==}
    engines: {node: '>=18.17.0'}
    peerDependencies:
      '@playwright/test': ^1
      cypress: ^13
    peerDependenciesMeta:
      '@playwright/test':
        optional: true
      cypress:
        optional: true

  '@clerk/types@4.51.1':
    resolution: {integrity: sha512-2dLT0ruieTl8R7Xdjp/z3Aw7LXbr5eASWtvvSZhWVEYVajrmNz5CXWg1BR2UdXZjHi8MQ4LPcarGjXXtHaFXaw==}
    engines: {node: '>=18.17.0'}

  '@emnapi/runtime@1.4.0':
    resolution: {integrity: sha512-64WYIf4UYcdLnbKn/umDlNjQDSS8AgZrI/R9+x5ilkUVFxXcA1Ebl+gQLc/6mERA4407Xof0R7wEyEuj091CVw==}

  '@img/sharp-darwin-arm64@0.33.5':
    resolution: {integrity: sha512-UT4p+iz/2H4twwAoLCqfA9UH5pI6DggwKEGuaPy7nCVQ8ZsiY5PIcrRvD1DzuY3qYL07NtIQcWnBSY/heikIFQ==}
    engines: {node: ^18.17.0 || ^20.3.0 || >=21.0.0}
    cpu: [arm64]
    os: [darwin]

  '@img/sharp-darwin-x64@0.33.5':
    resolution: {integrity: sha512-fyHac4jIc1ANYGRDxtiqelIbdWkIuQaI84Mv45KvGRRxSAa7o7d1ZKAOBaYbnepLC1WqxfpimdeWfvqqSGwR2Q==}
    engines: {node: ^18.17.0 || ^20.3.0 || >=21.0.0}
    cpu: [x64]
    os: [darwin]

  '@img/sharp-libvips-darwin-arm64@1.0.4':
    resolution: {integrity: sha512-XblONe153h0O2zuFfTAbQYAX2JhYmDHeWikp1LM9Hul9gVPjFY427k6dFEcOL72O01QxQsWi761svJ/ev9xEDg==}
    cpu: [arm64]
    os: [darwin]

  '@img/sharp-libvips-darwin-x64@1.0.4':
    resolution: {integrity: sha512-xnGR8YuZYfJGmWPvmlunFaWJsb9T/AO2ykoP3Fz/0X5XV2aoYBPkX6xqCQvUTKKiLddarLaxpzNe+b1hjeWHAQ==}
    cpu: [x64]
    os: [darwin]

  '@img/sharp-libvips-linux-arm64@1.0.4':
    resolution: {integrity: sha512-9B+taZ8DlyyqzZQnoeIvDVR/2F4EbMepXMc/NdVbkzsJbzkUjhXv/70GQJ7tdLA4YJgNP25zukcxpX2/SueNrA==}
    cpu: [arm64]
    os: [linux]

  '@img/sharp-libvips-linux-arm@1.0.5':
    resolution: {integrity: sha512-gvcC4ACAOPRNATg/ov8/MnbxFDJqf/pDePbBnuBDcjsI8PssmjoKMAz4LtLaVi+OnSb5FK/yIOamqDwGmXW32g==}
    cpu: [arm]
    os: [linux]

  '@img/sharp-libvips-linux-s390x@1.0.4':
    resolution: {integrity: sha512-u7Wz6ntiSSgGSGcjZ55im6uvTrOxSIS8/dgoVMoiGE9I6JAfU50yH5BoDlYA1tcuGS7g/QNtetJnxA6QEsCVTA==}
    cpu: [s390x]
    os: [linux]

  '@img/sharp-libvips-linux-x64@1.0.4':
    resolution: {integrity: sha512-MmWmQ3iPFZr0Iev+BAgVMb3ZyC4KeFc3jFxnNbEPas60e1cIfevbtuyf9nDGIzOaW9PdnDciJm+wFFaTlj5xYw==}
    cpu: [x64]
    os: [linux]

  '@img/sharp-libvips-linuxmusl-arm64@1.0.4':
    resolution: {integrity: sha512-9Ti+BbTYDcsbp4wfYib8Ctm1ilkugkA/uscUn6UXK1ldpC1JjiXbLfFZtRlBhjPZ5o1NCLiDbg8fhUPKStHoTA==}
    cpu: [arm64]
    os: [linux]

  '@img/sharp-libvips-linuxmusl-x64@1.0.4':
    resolution: {integrity: sha512-viYN1KX9m+/hGkJtvYYp+CCLgnJXwiQB39damAO7WMdKWlIhmYTfHjwSbQeUK/20vY154mwezd9HflVFM1wVSw==}
    cpu: [x64]
    os: [linux]

  '@img/sharp-linux-arm64@0.33.5':
    resolution: {integrity: sha512-JMVv+AMRyGOHtO1RFBiJy/MBsgz0x4AWrT6QoEVVTyh1E39TrCUpTRI7mx9VksGX4awWASxqCYLCV4wBZHAYxA==}
    engines: {node: ^18.17.0 || ^20.3.0 || >=21.0.0}
    cpu: [arm64]
    os: [linux]

  '@img/sharp-linux-arm@0.33.5':
    resolution: {integrity: sha512-JTS1eldqZbJxjvKaAkxhZmBqPRGmxgu+qFKSInv8moZ2AmT5Yib3EQ1c6gp493HvrvV8QgdOXdyaIBrhvFhBMQ==}
    engines: {node: ^18.17.0 || ^20.3.0 || >=21.0.0}
    cpu: [arm]
    os: [linux]

  '@img/sharp-linux-s390x@0.33.5':
    resolution: {integrity: sha512-y/5PCd+mP4CA/sPDKl2961b+C9d+vPAveS33s6Z3zfASk2j5upL6fXVPZi7ztePZ5CuH+1kW8JtvxgbuXHRa4Q==}
    engines: {node: ^18.17.0 || ^20.3.0 || >=21.0.0}
    cpu: [s390x]
    os: [linux]

  '@img/sharp-linux-x64@0.33.5':
    resolution: {integrity: sha512-opC+Ok5pRNAzuvq1AG0ar+1owsu842/Ab+4qvU879ippJBHvyY5n2mxF1izXqkPYlGuP/M556uh53jRLJmzTWA==}
    engines: {node: ^18.17.0 || ^20.3.0 || >=21.0.0}
    cpu: [x64]
    os: [linux]

  '@img/sharp-linuxmusl-arm64@0.33.5':
    resolution: {integrity: sha512-XrHMZwGQGvJg2V/oRSUfSAfjfPxO+4DkiRh6p2AFjLQztWUuY/o8Mq0eMQVIY7HJ1CDQUJlxGGZRw1a5bqmd1g==}
    engines: {node: ^18.17.0 || ^20.3.0 || >=21.0.0}
    cpu: [arm64]
    os: [linux]

  '@img/sharp-linuxmusl-x64@0.33.5':
    resolution: {integrity: sha512-WT+d/cgqKkkKySYmqoZ8y3pxx7lx9vVejxW/W4DOFMYVSkErR+w7mf2u8m/y4+xHe7yY9DAXQMWQhpnMuFfScw==}
    engines: {node: ^18.17.0 || ^20.3.0 || >=21.0.0}
    cpu: [x64]
    os: [linux]

  '@img/sharp-wasm32@0.33.5':
    resolution: {integrity: sha512-ykUW4LVGaMcU9lu9thv85CbRMAwfeadCJHRsg2GmeRa/cJxsVY9Rbd57JcMxBkKHag5U/x7TSBpScF4U8ElVzg==}
    engines: {node: ^18.17.0 || ^20.3.0 || >=21.0.0}
    cpu: [wasm32]

  '@img/sharp-win32-ia32@0.33.5':
    resolution: {integrity: sha512-T36PblLaTwuVJ/zw/LaH0PdZkRz5rd3SmMHX8GSmR7vtNSP5Z6bQkExdSK7xGWyxLw4sUknBuugTelgw2faBbQ==}
    engines: {node: ^18.17.0 || ^20.3.0 || >=21.0.0}
    cpu: [ia32]
    os: [win32]

  '@img/sharp-win32-x64@0.33.5':
    resolution: {integrity: sha512-MpY/o8/8kj+EcnxwvrP4aTJSWw/aZ7JIGR4aBeZkZw5B7/Jn+tY9/VNwtcoGmdT7GfggGIU4kygOMSbYnOrAbg==}
    engines: {node: ^18.17.0 || ^20.3.0 || >=21.0.0}
    cpu: [x64]
    os: [win32]

  '@next/env@15.2.5':
    resolution: {integrity: sha512-uWkCf9C8wKTyQjqrNk+BA7eL3LOQdhL+xlmJUf2O85RM4lbzwBwot3Sqv2QGe/RGnc3zysIf1oJdtq9S00pkmQ==}

  '@next/swc-darwin-arm64@15.2.5':
    resolution: {integrity: sha512-4OimvVlFTbgzPdA0kh8A1ih6FN9pQkL4nPXGqemEYgk+e7eQhsst/p35siNNqA49eQA6bvKZ1ASsDtu9gtXuog==}
    engines: {node: '>= 10'}
    cpu: [arm64]
    os: [darwin]

  '@next/swc-darwin-x64@15.2.5':
    resolution: {integrity: sha512-ohzRaE9YbGt1ctE0um+UGYIDkkOxHV44kEcHzLqQigoRLaiMtZzGrA11AJh2Lu0lv51XeiY1ZkUvkThjkVNBMA==}
    engines: {node: '>= 10'}
    cpu: [x64]
    os: [darwin]

  '@next/swc-linux-arm64-gnu@15.2.5':
    resolution: {integrity: sha512-FMSdxSUt5bVXqqOoZCc/Seg4LQep9w/fXTazr/EkpXW2Eu4IFI9FD7zBDlID8TJIybmvKk7mhd9s+2XWxz4flA==}
    engines: {node: '>= 10'}
    cpu: [arm64]
    os: [linux]

  '@next/swc-linux-arm64-musl@15.2.5':
    resolution: {integrity: sha512-4ZNKmuEiW5hRKkGp2HWwZ+JrvK4DQLgf8YDaqtZyn7NYdl0cHfatvlnLFSWUayx9yFAUagIgRGRk8pFxS8Qniw==}
    engines: {node: '>= 10'}
    cpu: [arm64]
    os: [linux]

  '@next/swc-linux-x64-gnu@15.2.5':
    resolution: {integrity: sha512-bE6lHQ9GXIf3gCDE53u2pTl99RPZW5V1GLHSRMJ5l/oB/MT+cohu9uwnCK7QUph2xIOu2a6+27kL0REa/kqwZw==}
    engines: {node: '>= 10'}
    cpu: [x64]
    os: [linux]

  '@next/swc-linux-x64-musl@15.2.5':
    resolution: {integrity: sha512-y7EeQuSkQbTAkCEQnJXm1asRUuGSWAchGJ3c+Qtxh8LVjXleZast8Mn/rL7tZOm7o35QeIpIcid6ufG7EVTTcA==}
    engines: {node: '>= 10'}
    cpu: [x64]
    os: [linux]

  '@next/swc-win32-arm64-msvc@15.2.5':
    resolution: {integrity: sha512-gQMz0yA8/dskZM2Xyiq2FRShxSrsJNha40Ob/M2n2+JGRrZ0JwTVjLdvtN6vCxuq4ByhOd4a9qEf60hApNR2gQ==}
    engines: {node: '>= 10'}
    cpu: [arm64]
    os: [win32]

  '@next/swc-win32-x64-msvc@15.2.5':
    resolution: {integrity: sha512-tBDNVUcI7U03+3oMvJ11zrtVin5p0NctiuKmTGyaTIEAVj9Q77xukLXGXRnWxKRIIdFG4OTA2rUVGZDYOwgmAA==}
    engines: {node: '>= 10'}
    cpu: [x64]
    os: [win32]

  '@playwright/test@1.51.1':
    resolution: {integrity: sha512-nM+kEaTSAoVlXmMPH10017vn3FSiFqr/bh4fKg9vmAdMfd9SDqRZNvPSiAHADc/itWak+qPvMPZQOPwCBW7k7Q==}
    engines: {node: '>=18'}
    hasBin: true

  '@swc/counter@0.1.3':
    resolution: {integrity: sha512-e2BR4lsJkkRlKZ/qCHPw9ZaSxc0MVUd7gtbtaB7aMvHeJVYe8sOB8DBZkP2DtISHGSku9sCK6T6cnY0CtXrOCQ==}

  '@swc/helpers@0.5.15':
    resolution: {integrity: sha512-JQ5TuMi45Owi4/BIMAJBoSQoOJu12oOk/gADqlcUL9JEdHB8vyjUSsxqeNXnmXHjYKMi2WcYtezGEEhqUI/E2g==}

  '@types/node@18.19.86':
    resolution: {integrity: sha512-fifKayi175wLyKyc5qUfyENhQ1dCNI1UNjp653d8kuYcPQN5JhX3dGuP/XmvPTg/xRBn1VTLpbmi+H/Mr7tLfQ==}

  '@types/prop-types@15.7.14':
    resolution: {integrity: sha512-gNMvNH49DJ7OJYv+KAKn0Xp45p8PLl6zo2YnvDIbTd4J6MER2BmWN49TG7n9LvkyihINxeKW8+3bfS2yDC9dzQ==}

  '@types/react-dom@18.3.6':
    resolution: {integrity: sha512-nf22//wEbKXusP6E9pfOCDwFdHAX4u172eaJI4YkDRQEZiorm6KfYnSC2SWLDMVWUOWPERmJnN0ujeAfTBLvrw==}
    peerDependencies:
      '@types/react': ^18.0.0

  '@types/react@18.3.20':
    resolution: {integrity: sha512-IPaCZN7PShZK/3t6Q87pfTkRm6oLTd4vztyoj+cbHUF1g3FfVb2tFIL79uCRKEfv16AhqDMBywP2VW3KIZUvcg==}

  busboy@1.6.0:
    resolution: {integrity: sha512-8SFQbg/0hQ9xy3UNTB0YEnsNBbWfhf7RtnzpL7TkBiTBRfrQ9Fxcnz7VJsleJpyp6rVLvXiuORqjlHi5q+PYuA==}
    engines: {node: '>=10.16.0'}

  caniuse-lite@1.0.30001712:
    resolution: {integrity: sha512-MBqPpGYYdQ7/hfKiet9SCI+nmN5/hp4ZzveOJubl5DTAMa5oggjAuoi0Z4onBpKPFI2ePGnQuQIzF3VxDjDJig==}

  client-only@0.0.1:
    resolution: {integrity: sha512-IV3Ou0jSMzZrd3pZ48nLkT9DA7Ag1pnPzaiQhpW7c3RbcqqzvzzVu+L8gfqMp/8IM2MQtSiqaCxrrcfu8I8rMA==}

  color-convert@2.0.1:
    resolution: {integrity: sha512-RRECPsj7iu/xb5oKYcsFHSppFNnsj/52OVTRKb4zP5onXwVF3zVmmToNcOfGC+CRDpfK/U584fMg38ZHCaElKQ==}
    engines: {node: '>=7.0.0'}

  color-name@1.1.4:
    resolution: {integrity: sha512-dOy+3AuW3a2wNbZHIuMZpTcgjGuLU/uBL/ubcZF9OXbDo8ff4O8yVp5Bf0efS8uEoYo5q4Fx7dY9OgQGXgAsQA==}

  color-string@1.9.1:
    resolution: {integrity: sha512-shrVawQFojnZv6xM40anx4CkoDP+fZsw/ZerEMsW/pyzsRbElpsL/DBVW7q3ExxwusdNXI3lXpuhEZkzs8p5Eg==}

  color@4.2.3:
    resolution: {integrity: sha512-1rXeuUUiGGrykh+CeBdu5Ie7OJwinCgQY0bc7GCRxy5xVHy+moaqkpL/jqQq0MtQOeYcrqEz4abc5f0KtU7W4A==}
    engines: {node: '>=12.5.0'}

  cookie@1.0.2:
    resolution: {integrity: sha512-9Kr/j4O16ISv8zBBhJoi4bXOYNTkFLOqSL3UDB0njXxCXNezjeyVrJyGOWtgfs/q2km1gwBcfH8q1yEGoMYunA==}
    engines: {node: '>=18'}

  csstype@3.1.3:
    resolution: {integrity: sha512-M1uQkMl8rQK/szD0LNhtqxIPLpimGm8sOBwU7lLnCpSbTyY3yeU1Vc7l4KT5zT4s/yOxHH5O7tIuuLOCnLADRw==}

  dequal@2.0.3:
    resolution: {integrity: sha512-0je+qPKHEMohvfRTCEo3CrPG6cAzAYgmzKyxRiYSSDkS6eGJdyVJm7WaYA5ECaAD9wLB2T4EEeymA5aFVcYXCA==}
    engines: {node: '>=6'}

  detect-libc@2.0.3:
    resolution: {integrity: sha512-bwy0MGW55bG41VqxxypOsdSdGqLwXPI/focwgTYCFMbdUiBAxLg9CFzG08sz2aqzknwiX7Hkl0bQENjg8iLByw==}
    engines: {node: '>=8'}

  dot-case@3.0.4:
    resolution: {integrity: sha512-Kv5nKlh6yRrdrGvxeJ2e5y2eRUpkUosIW4A2AS38zwSz27zu7ufDwQPi5Jhs3XAlGNetl3bmnGhQsMtkKJnj3w==}

  dotenv@16.4.7:
    resolution: {integrity: sha512-47qPchRCykZC03FhkYAhrvwU4xDBFIj1QPqaarj6mdM/hgUzfPHcpkHJOn3mJAufFeeAxAzeGsr5X0M4k6fLZQ==}
    engines: {node: '>=12'}

  fsevents@2.3.2:
    resolution: {integrity: sha512-xiqMQR4xAeHTuB9uWm+fFRcIOgKBMiOBP+eXiyT7jsgVCq1bkVygt00oASowB7EdtpOHaaPgKt812P9ab+DDKA==}
    engines: {node: ^8.16.0 || ^10.6.0 || >=11.0.0}
    os: [darwin]

  glob-to-regexp@0.4.1:
    resolution: {integrity: sha512-lkX1HJXwyMcprw/5YUZc2s7DrpAiHB21/V+E1rHUrVNokkvB6bqMzT0VfV6/86ZNabt1k14YOIaT7nDvOX3Iiw==}

  is-arrayish@0.3.2:
    resolution: {integrity: sha512-eVRqCvVlZbuw3GrM63ovNSNAeA1K16kaR/LRY/92w0zxQ5/1YzwblUX652i4Xs9RwAGjW9d9y6X88t8OaAJfWQ==}

  js-cookie@3.0.5:
    resolution: {integrity: sha512-cEiJEAEoIbWfCZYKWhVwFuvPX1gETRYPw6LlaTKoxD3s2AkXzkCjnp6h0V77ozyqj0jakteJ4YqDJT830+lVGw==}
    engines: {node: '>=14'}

  lower-case@2.0.2:
    resolution: {integrity: sha512-7fm3l3NAF9WfN6W3JOmf5drwpVqX78JtoGJ3A6W0a6ZnldM41w2fV5D490psKFTpMds8TJse/eHLFFsNHHjHgg==}

  map-obj@4.3.0:
    resolution: {integrity: sha512-hdN1wVrZbb29eBGiGjJbeP8JbKjq1urkHJ/LIP/NY48MZ1QVXUsQBV1G1zvYFHn1XE06cwjBsOI2K3Ulnj1YXQ==}
    engines: {node: '>=8'}

  nanoid@3.3.11:
    resolution: {integrity: sha512-N8SpfPUnUp1bK+PMYW8qSWdl9U+wwNWI4QKxOYDy9JAro3WMX7p2OeVRF9v+347pnakNevPmiHhNmZ2HbFA76w==}
    engines: {node: ^10 || ^12 || ^13.7 || ^14 || >=15.0.1}
    hasBin: true

  next@15.2.5:
    resolution: {integrity: sha512-LlqS8ljc7RWR3riUwxB5+14v7ULAa5EuLUyarD/sFgXPd6Hmmscg8DXcu9hDdh5atybrIDVBrFhjDpRIQo/4pQ==}
    engines: {node: ^18.18.0 || ^19.8.0 || >= 20.0.0}
    hasBin: true
    peerDependencies:
      '@opentelemetry/api': ^1.1.0
      '@playwright/test': ^1.41.2
      babel-plugin-react-compiler: '*'
      react: ^18.2.0 || 19.0.0-rc-de68d2f4-20241204 || ^19.0.0
      react-dom: ^18.2.0 || 19.0.0-rc-de68d2f4-20241204 || ^19.0.0
      sass: ^1.3.0
    peerDependenciesMeta:
      '@opentelemetry/api':
        optional: true
      '@playwright/test':
        optional: true
      babel-plugin-react-compiler:
        optional: true
      sass:
        optional: true

  no-case@3.0.4:
    resolution: {integrity: sha512-fgAN3jGAh+RoxUGZHTSOLJIqUc2wmoBwGR4tbpNAKmmovFoWq0OdRkb0VkldReO2a2iBT/OEulG9XSUc10r3zg==}

  picocolors@1.1.1:
    resolution: {integrity: sha512-xceH2snhtb5M9liqDsmEw56le376mTZkEX/jEb/RxNFyegNul7eNslCXP9FDj/Lcu0X8KEyMceP2ntpaHrDEVA==}

  playwright-core@1.51.1:
    resolution: {integrity: sha512-/crRMj8+j/Nq5s8QcvegseuyeZPxpQCZb6HNk3Sos3BlZyAknRjoyJPFWkpNn8v0+P3WiwqFF8P+zQo4eqiNuw==}
    engines: {node: '>=18'}
    hasBin: true

  playwright@1.51.1:
    resolution: {integrity: sha512-kkx+MB2KQRkyxjYPc3a0wLZZoDczmppyGJIvQ43l+aZihkaVvmu/21kiyaHeHjiFxjxNNFnUncKmcGIyOojsaw==}
    engines: {node: '>=18'}
    hasBin: true

  postcss@8.4.31:
    resolution: {integrity: sha512-PS08Iboia9mts/2ygV3eLpY5ghnUcfLV/EXTOW1E2qYxJKGGBUtNjN76FYHnMs36RmARn41bC0AZmn+rR0OVpQ==}
    engines: {node: ^10 || ^12 || >=14}

  react-dom@19.1.0:
    resolution: {integrity: sha512-Xs1hdnE+DyKgeHJeJznQmYMIBG3TKIHJJT95Q58nHLSrElKlGQqDTR2HQ9fx5CN/Gk6Vh/kupBTDLU11/nDk/g==}
    peerDependencies:
      react: ^19.1.0

  react@19.1.0:
    resolution: {integrity: sha512-FS+XFBNvn3GTAWq26joslQgWNoFu08F4kl0J4CgdNKADkdSGXQyTCnKteIAJy96Br6YbpEU1LSzV5dYtjMkMDg==}
    engines: {node: '>=0.10.0'}

  scheduler@0.26.0:
    resolution: {integrity: sha512-NlHwttCI/l5gCPR3D1nNXtWABUmBwvZpEQiD4IXSbIDq8BzLIK/7Ir5gTFSGZDUu37K5cMNp0hFtzO38sC7gWA==}

  semver@7.7.1:
    resolution: {integrity: sha512-hlq8tAfn0m/61p4BVRcPzIGr6LKiMwo4VM6dGi6pt4qcRkmNzTcWq6eCEjEh+qXjkMDvPlOFFSGwQjoEa6gyMA==}
    engines: {node: '>=10'}
    hasBin: true

  server-only@0.0.1:
    resolution: {integrity: sha512-qepMx2JxAa5jjfzxG79yPPq+8BuFToHd1hm7kI+Z4zAq1ftQiP7HcxMhDDItrbtwVeLg/cY2JnKnrcFkmiswNA==}

  sharp@0.33.5:
    resolution: {integrity: sha512-haPVm1EkS9pgvHrQ/F3Xy+hgcuMV0Wm9vfIBSiwZ05k+xgb0PkBQpGsAA/oWdDobNaZTH5ppvHtzCFbnSEwHVw==}
    engines: {node: ^18.17.0 || ^20.3.0 || >=21.0.0}

  simple-swizzle@0.2.2:
    resolution: {integrity: sha512-JA//kQgZtbuY83m+xT+tXJkmJncGMTFT+C+g2h2R9uxkYIrE2yy9sgmcLhCnw57/WSD+Eh3J97FPEDFnbXnDUg==}

  snake-case@3.0.4:
    resolution: {integrity: sha512-LAOh4z89bGQvl9pFfNF8V146i7o7/CqFPbqzYgP+yYzDIDeS9HaNFtXABamRW+AQzEVODcvE79ljJ+8a9YSdMg==}

  snakecase-keys@8.0.1:
    resolution: {integrity: sha512-Sj51kE1zC7zh6TDlNNz0/Jn1n5HiHdoQErxO8jLtnyrkJW/M5PrI7x05uDgY3BO7OUQYKCvmeMurW6BPUdwEOw==}
    engines: {node: '>=18'}

  source-map-js@1.2.1:
    resolution: {integrity: sha512-UXWMKhLOwVKb728IUtQPXxfYU+usdybtUrK/8uGE8CQMvrhOpwvzDBwj0QhSL7MQc7vIsISBG8VQ8+IDQxpfQA==}
    engines: {node: '>=0.10.0'}

  std-env@3.9.0:
    resolution: {integrity: sha512-UGvjygr6F6tpH7o2qyqR6QYpwraIjKSdtzyBdyytFOHmPZY917kwdwLG0RbOjWOnKmnm3PeHjaoLLMie7kPLQw==}

  streamsearch@1.1.0:
    resolution: {integrity: sha512-Mcc5wHehp9aXz1ax6bZUyY5afg9u2rv5cqQI3mRrYkGC8rW2hM02jWuwjtL++LS5qinSyhj2QfLyNsuc+VsExg==}
    engines: {node: '>=10.0.0'}

  styled-jsx@5.1.6:
    resolution: {integrity: sha512-qSVyDTeMotdvQYoHWLNGwRFJHC+i+ZvdBRYosOFgC+Wg1vx4frN2/RG/NA7SYqqvKNLf39P2LSRA2pu6n0XYZA==}
    engines: {node: '>= 12.0.0'}
    peerDependencies:
      '@babel/core': '*'
      babel-plugin-macros: '*'
      react: '>= 16.8.0 || 17.x.x || ^18.0.0-0 || ^19.0.0-0'
    peerDependenciesMeta:
      '@babel/core':
        optional: true
      babel-plugin-macros:
        optional: true

  swr@2.3.3:
    resolution: {integrity: sha512-dshNvs3ExOqtZ6kJBaAsabhPdHyeY4P2cKwRCniDVifBMoG/SVI7tfLWqPXriVspf2Rg4tPzXJTnwaihIeFw2A==}
    peerDependencies:
      react: ^16.11.0 || ^17.0.0 || ^18.0.0 || ^19.0.0

  tslib@2.8.1:
    resolution: {integrity: sha512-oJFu94HQb+KVduSUQL7wnpmqnfmLsOA/nAh6b6EH0wCEoK0/mPeXU6c3wKDV83MkOuHPRHtSXKKU99IBazS/2w==}

  type-fest@4.39.1:
    resolution: {integrity: sha512-uW9qzd66uyHYxwyVBYiwS4Oi0qZyUqwjU+Oevr6ZogYiXt99EOYtwvzMSLw1c3lYo2HzJsep/NB23iEVEgjG/w==}
    engines: {node: '>=16'}

  typescript@5.8.3:
    resolution: {integrity: sha512-p1diW6TqL9L07nNxvRMM7hMMw4c5XOo/1ibL4aAIGmSAt9slTE1Xgw5KWuof2uTOvCg9BY7ZRi+GaF+7sfgPeQ==}
    engines: {node: '>=14.17'}
    hasBin: true

  undici-types@5.26.5:
    resolution: {integrity: sha512-JlCMO+ehdEIKqlFxk6IfVoAUVmgz7cU7zD/h9XZ0qzeosSHmUJVOzSQvvYSYWXkFXC+IfLKSIffhv0sVZup6pA==}

  use-sync-external-store@1.5.0:
    resolution: {integrity: sha512-Rb46I4cGGVBmjamjphe8L/UnvJD+uPPtTkNvX5mZgqdbavhI4EbgIWJiIHXJ8bc/i9EQGPRh4DwEURJ552Do0A==}
    peerDependencies:
      react: ^16.8.0 || ^17.0.0 || ^18.0.0 || ^19.0.0

snapshots:

  '@clerk/backend@1.27.1(react-dom@19.1.0(react@19.1.0))(react@19.1.0)':
    dependencies:
      '@clerk/shared': 3.4.1(react-dom@19.1.0(react@19.1.0))(react@19.1.0)
      '@clerk/types': 4.51.1
      cookie: 1.0.2
      snakecase-keys: 8.0.1
      tslib: 2.8.1
    transitivePeerDependencies:
      - react
      - react-dom

  '@clerk/clerk-react@5.26.1(react-dom@19.1.0(react@19.1.0))(react@19.1.0)':
    dependencies:
      '@clerk/shared': 3.4.1(react-dom@19.1.0(react@19.1.0))(react@19.1.0)
      '@clerk/types': 4.51.1
      react: 19.1.0
      react-dom: 19.1.0(react@19.1.0)
      tslib: 2.8.1

  '@clerk/nextjs@6.14.1(next@15.2.5(@playwright/test@1.51.1)(react-dom@19.1.0(react@19.1.0))(react@19.1.0))(react-dom@19.1.0(react@19.1.0))(react@19.1.0)':
    dependencies:
      '@clerk/backend': 1.27.1(react-dom@19.1.0(react@19.1.0))(react@19.1.0)
      '@clerk/clerk-react': 5.26.1(react-dom@19.1.0(react@19.1.0))(react@19.1.0)
      '@clerk/shared': 3.4.1(react-dom@19.1.0(react@19.1.0))(react@19.1.0)
      '@clerk/types': 4.51.1
      next: 15.2.5(@playwright/test@1.51.1)(react-dom@19.1.0(react@19.1.0))(react@19.1.0)
      react: 19.1.0
      react-dom: 19.1.0(react@19.1.0)
      server-only: 0.0.1
      tslib: 2.8.1
    transitivePeerDependencies:
      - svix

  '@clerk/shared@3.4.1(react-dom@19.1.0(react@19.1.0))(react@19.1.0)':
    dependencies:
      '@clerk/types': 4.51.1
      dequal: 2.0.3
      glob-to-regexp: 0.4.1
      js-cookie: 3.0.5
      std-env: 3.9.0
      swr: 2.3.3(react@19.1.0)
    optionalDependencies:
      react: 19.1.0
      react-dom: 19.1.0(react@19.1.0)

  '@clerk/testing@1.4.36(@playwright/test@1.51.1)(react-dom@19.1.0(react@19.1.0))(react@19.1.0)':
    dependencies:
      '@clerk/backend': 1.27.1(react-dom@19.1.0(react@19.1.0))(react@19.1.0)
      '@clerk/shared': 3.4.1(react-dom@19.1.0(react@19.1.0))(react@19.1.0)
      '@clerk/types': 4.51.1
      dotenv: 16.4.7
    optionalDependencies:
      '@playwright/test': 1.51.1
    transitivePeerDependencies:
      - react
      - react-dom
      - svix

  '@clerk/types@4.51.1':
    dependencies:
      csstype: 3.1.3

  '@emnapi/runtime@1.4.0':
    dependencies:
      tslib: 2.8.1
    optional: true

  '@img/sharp-darwin-arm64@0.33.5':
    optionalDependencies:
      '@img/sharp-libvips-darwin-arm64': 1.0.4
    optional: true

  '@img/sharp-darwin-x64@0.33.5':
    optionalDependencies:
      '@img/sharp-libvips-darwin-x64': 1.0.4
    optional: true

  '@img/sharp-libvips-darwin-arm64@1.0.4':
    optional: true

  '@img/sharp-libvips-darwin-x64@1.0.4':
    optional: true

  '@img/sharp-libvips-linux-arm64@1.0.4':
    optional: true

  '@img/sharp-libvips-linux-arm@1.0.5':
    optional: true

  '@img/sharp-libvips-linux-s390x@1.0.4':
    optional: true

  '@img/sharp-libvips-linux-x64@1.0.4':
    optional: true

  '@img/sharp-libvips-linuxmusl-arm64@1.0.4':
    optional: true

  '@img/sharp-libvips-linuxmusl-x64@1.0.4':
    optional: true

  '@img/sharp-linux-arm64@0.33.5':
    optionalDependencies:
      '@img/sharp-libvips-linux-arm64': 1.0.4
    optional: true

  '@img/sharp-linux-arm@0.33.5':
    optionalDependencies:
      '@img/sharp-libvips-linux-arm': 1.0.5
    optional: true

  '@img/sharp-linux-s390x@0.33.5':
    optionalDependencies:
      '@img/sharp-libvips-linux-s390x': 1.0.4
    optional: true

  '@img/sharp-linux-x64@0.33.5':
    optionalDependencies:
      '@img/sharp-libvips-linux-x64': 1.0.4
    optional: true

  '@img/sharp-linuxmusl-arm64@0.33.5':
    optionalDependencies:
      '@img/sharp-libvips-linuxmusl-arm64': 1.0.4
    optional: true

  '@img/sharp-linuxmusl-x64@0.33.5':
    optionalDependencies:
      '@img/sharp-libvips-linuxmusl-x64': 1.0.4
    optional: true

  '@img/sharp-wasm32@0.33.5':
    dependencies:
      '@emnapi/runtime': 1.4.0
    optional: true

  '@img/sharp-win32-ia32@0.33.5':
    optional: true

  '@img/sharp-win32-x64@0.33.5':
    optional: true

  '@next/env@15.2.5': {}

  '@next/swc-darwin-arm64@15.2.5':
    optional: true

  '@next/swc-darwin-x64@15.2.5':
    optional: true

  '@next/swc-linux-arm64-gnu@15.2.5':
    optional: true

  '@next/swc-linux-arm64-musl@15.2.5':
    optional: true

  '@next/swc-linux-x64-gnu@15.2.5':
    optional: true

  '@next/swc-linux-x64-musl@15.2.5':
    optional: true

  '@next/swc-win32-arm64-msvc@15.2.5':
    optional: true

  '@next/swc-win32-x64-msvc@15.2.5':
    optional: true

  '@playwright/test@1.51.1':
    dependencies:
      playwright: 1.51.1

  '@swc/counter@0.1.3': {}

  '@swc/helpers@0.5.15':
    dependencies:
      tslib: 2.8.1

  '@types/node@18.19.86':
    dependencies:
      undici-types: 5.26.5

  '@types/prop-types@15.7.14': {}

  '@types/react-dom@18.3.6(@types/react@18.3.20)':
    dependencies:
      '@types/react': 18.3.20

  '@types/react@18.3.20':
    dependencies:
      '@types/prop-types': 15.7.14
      csstype: 3.1.3

  busboy@1.6.0:
    dependencies:
      streamsearch: 1.1.0

  caniuse-lite@1.0.30001712: {}

  client-only@0.0.1: {}

  color-convert@2.0.1:
    dependencies:
      color-name: 1.1.4
    optional: true

  color-name@1.1.4:
    optional: true

  color-string@1.9.1:
    dependencies:
      color-name: 1.1.4
      simple-swizzle: 0.2.2
    optional: true

  color@4.2.3:
    dependencies:
      color-convert: 2.0.1
      color-string: 1.9.1
    optional: true

  cookie@1.0.2: {}

  csstype@3.1.3: {}

  dequal@2.0.3: {}

  detect-libc@2.0.3:
    optional: true

  dot-case@3.0.4:
    dependencies:
      no-case: 3.0.4
      tslib: 2.8.1

  dotenv@16.4.7: {}

  fsevents@2.3.2:
    optional: true

  glob-to-regexp@0.4.1: {}

  is-arrayish@0.3.2:
    optional: true

  js-cookie@3.0.5: {}

  lower-case@2.0.2:
    dependencies:
      tslib: 2.8.1

  map-obj@4.3.0: {}

  nanoid@3.3.11: {}

  next@15.2.5(@playwright/test@1.51.1)(react-dom@19.1.0(react@19.1.0))(react@19.1.0):
    dependencies:
      '@next/env': 15.2.5
      '@swc/counter': 0.1.3
      '@swc/helpers': 0.5.15
      busboy: 1.6.0
      caniuse-lite: 1.0.30001712
      postcss: 8.4.31
      react: 19.1.0
      react-dom: 19.1.0(react@19.1.0)
      styled-jsx: 5.1.6(react@19.1.0)
    optionalDependencies:
      '@next/swc-darwin-arm64': 15.2.5
      '@next/swc-darwin-x64': 15.2.5
      '@next/swc-linux-arm64-gnu': 15.2.5
      '@next/swc-linux-arm64-musl': 15.2.5
      '@next/swc-linux-x64-gnu': 15.2.5
      '@next/swc-linux-x64-musl': 15.2.5
      '@next/swc-win32-arm64-msvc': 15.2.5
      '@next/swc-win32-x64-msvc': 15.2.5
      '@playwright/test': 1.51.1
      sharp: 0.33.5
    transitivePeerDependencies:
      - '@babel/core'
      - babel-plugin-macros

  no-case@3.0.4:
    dependencies:
      lower-case: 2.0.2
      tslib: 2.8.1

  picocolors@1.1.1: {}

  playwright-core@1.51.1: {}

  playwright@1.51.1:
    dependencies:
      playwright-core: 1.51.1
    optionalDependencies:
      fsevents: 2.3.2

  postcss@8.4.31:
    dependencies:
      nanoid: 3.3.11
      picocolors: 1.1.1
      source-map-js: 1.2.1

  react-dom@19.1.0(react@19.1.0):
    dependencies:
      react: 19.1.0
      scheduler: 0.26.0

  react@19.1.0: {}

  scheduler@0.26.0: {}

  semver@7.7.1:
    optional: true

  server-only@0.0.1: {}

  sharp@0.33.5:
    dependencies:
      color: 4.2.3
      detect-libc: 2.0.3
      semver: 7.7.1
    optionalDependencies:
      '@img/sharp-darwin-arm64': 0.33.5
      '@img/sharp-darwin-x64': 0.33.5
      '@img/sharp-libvips-darwin-arm64': 1.0.4
      '@img/sharp-libvips-darwin-x64': 1.0.4
      '@img/sharp-libvips-linux-arm': 1.0.5
      '@img/sharp-libvips-linux-arm64': 1.0.4
      '@img/sharp-libvips-linux-s390x': 1.0.4
      '@img/sharp-libvips-linux-x64': 1.0.4
      '@img/sharp-libvips-linuxmusl-arm64': 1.0.4
      '@img/sharp-libvips-linuxmusl-x64': 1.0.4
      '@img/sharp-linux-arm': 0.33.5
      '@img/sharp-linux-arm64': 0.33.5
      '@img/sharp-linux-s390x': 0.33.5
      '@img/sharp-linux-x64': 0.33.5
      '@img/sharp-linuxmusl-arm64': 0.33.5
      '@img/sharp-linuxmusl-x64': 0.33.5
      '@img/sharp-wasm32': 0.33.5
      '@img/sharp-win32-ia32': 0.33.5
      '@img/sharp-win32-x64': 0.33.5
    optional: true

  simple-swizzle@0.2.2:
    dependencies:
      is-arrayish: 0.3.2
    optional: true

  snake-case@3.0.4:
    dependencies:
      dot-case: 3.0.4
      tslib: 2.8.1

  snakecase-keys@8.0.1:
    dependencies:
      map-obj: 4.3.0
      snake-case: 3.0.4
      type-fest: 4.39.1

  source-map-js@1.2.1: {}

  std-env@3.9.0: {}

  streamsearch@1.1.0: {}

  styled-jsx@5.1.6(react@19.1.0):
    dependencies:
      client-only: 0.0.1
      react: 19.1.0

  swr@2.3.3(react@19.1.0):
    dependencies:
      dequal: 2.0.3
      react: 19.1.0
      use-sync-external-store: 1.5.0(react@19.1.0)

  tslib@2.8.1: {}

  type-fest@4.39.1: {}

  typescript@5.8.3: {}

  undici-types@5.26.5: {}

  use-sync-external-store@1.5.0(react@19.1.0):
    dependencies:
      react: 19.1.0
